{
  "version": 4,
  "terraform_version": "1.3.7",
  "serial": 75,
  "lineage": "1ea591c5-2555-6502-3d6f-5fe1186c17aa",
  "outputs": {},
  "resources": [
    {
      "mode": "managed",
      "type": "azurerm_lb",
      "name": "example",
      "provider": "provider[\"registry.terraform.io/hashicorp/azurerm\"]",
      "instances": [
        {
          "schema_version": 0,
          "attributes": {
            "edge_zone": "",
            "frontend_ip_configuration": [
              {
                "gateway_load_balancer_frontend_ip_configuration_id": "",
                "id": "/subscriptions/7de72e36-dc87-4e3f-aa67-6dacbc9993c6/resourceGroups/kavish-udacity/providers/Microsoft.Network/loadBalancers/TestLoadBalancer/frontendIPConfigurations/PublicIPAddress",
                "inbound_nat_rules": [],
                "load_balancer_rules": [
                  "/subscriptions/7de72e36-dc87-4e3f-aa67-6dacbc9993c6/resourceGroups/kavish-udacity/providers/Microsoft.Network/loadBalancers/TestLoadBalancer/loadBalancingRules/HTTP"
                ],
                "name": "PublicIPAddress",
                "outbound_rules": [],
                "private_ip_address": "",
                "private_ip_address_allocation": "Dynamic",
                "private_ip_address_version": "",
                "public_ip_address_id": "/subscriptions/7de72e36-dc87-4e3f-aa67-6dacbc9993c6/resourceGroups/kavish-udacity/providers/Microsoft.Network/publicIPAddresses/LBPublicIp",
                "public_ip_prefix_id": "",
                "subnet_id": "",
                "zones": []
              }
            ],
            "id": "/subscriptions/7de72e36-dc87-4e3f-aa67-6dacbc9993c6/resourceGroups/kavish-udacity/providers/Microsoft.Network/loadBalancers/TestLoadBalancer",
            "location": "southcentralus",
            "name": "TestLoadBalancer",
            "private_ip_address": "",
            "private_ip_addresses": [],
            "resource_group_name": "kavish-udacity",
            "sku": "Basic",
            "sku_tier": "Regional",
            "tags": {
              "environment": "kavish-udacity"
            },
            "timeouts": null
          },
          "sensitive_attributes": [],
          "private": "eyJlMmJmYjczMC1lY2FhLTExZTYtOGY4OC0zNDM2M2JjN2M0YzAiOnsiY3JlYXRlIjoxODAwMDAwMDAwMDAwLCJkZWxldGUiOjE4MDAwMDAwMDAwMDAsInJlYWQiOjMwMDAwMDAwMDAwMCwidXBkYXRlIjoxODAwMDAwMDAwMDAwfX0=",
          "dependencies": [
            "azurerm_public_ip.example",
            "azurerm_resource_group.main"
          ]
        }
      ]
    },
    {
      "mode": "managed",
      "type": "azurerm_lb_backend_address_pool",
      "name": "example",
      "provider": "provider[\"registry.terraform.io/hashicorp/azurerm\"]",
      "instances": [
        {
          "schema_version": 0,
          "attributes": {
            "backend_ip_configurations": [
              "/subscriptions/7de72e36-dc87-4e3f-aa67-6dacbc9993c6/resourceGroups/kavish-udacity/providers/Microsoft.Network/networkInterfaces/kavish-nic-1/ipConfigurations/internal",
              "/subscriptions/7de72e36-dc87-4e3f-aa67-6dacbc9993c6/resourceGroups/kavish-udacity/providers/Microsoft.Network/networkInterfaces/kavish-nic-0/ipConfigurations/internal"
            ],
            "id": "/subscriptions/7de72e36-dc87-4e3f-aa67-6dacbc9993c6/resourceGroups/kavish-udacity/providers/Microsoft.Network/loadBalancers/TestLoadBalancer/backendAddressPools/BackEndAddressPool",
            "inbound_nat_rules": [],
            "load_balancing_rules": [
              "/subscriptions/7de72e36-dc87-4e3f-aa67-6dacbc9993c6/resourceGroups/kavish-udacity/providers/Microsoft.Network/loadBalancers/TestLoadBalancer/loadBalancingRules/HTTP"
            ],
            "loadbalancer_id": "/subscriptions/7de72e36-dc87-4e3f-aa67-6dacbc9993c6/resourceGroups/kavish-udacity/providers/Microsoft.Network/loadBalancers/TestLoadBalancer",
            "name": "BackEndAddressPool",
            "outbound_rules": [],
            "timeouts": null,
            "tunnel_interface": []
          },
          "sensitive_attributes": [],
          "private": "eyJlMmJmYjczMC1lY2FhLTExZTYtOGY4OC0zNDM2M2JjN2M0YzAiOnsiY3JlYXRlIjoxODAwMDAwMDAwMDAwLCJkZWxldGUiOjE4MDAwMDAwMDAwMDAsInJlYWQiOjMwMDAwMDAwMDAwMCwidXBkYXRlIjoxODAwMDAwMDAwMDAwfX0=",
          "dependencies": [
            "azurerm_lb.example",
            "azurerm_public_ip.example",
            "azurerm_resource_group.main"
          ]
        }
      ]
    },
    {
      "mode": "managed",
      "type": "azurerm_lb_probe",
      "name": "main",
      "provider": "provider[\"registry.terraform.io/hashicorp/azurerm\"]",
      "instances": [
        {
          "schema_version": 0,
          "attributes": {
            "id": "/subscriptions/7de72e36-dc87-4e3f-aa67-6dacbc9993c6/resourceGroups/kavish-udacity/providers/Microsoft.Network/loadBalancers/TestLoadBalancer/probes/kavish-http-server-probe",
            "interval_in_seconds": 15,
            "load_balancer_rules": [
              "/subscriptions/7de72e36-dc87-4e3f-aa67-6dacbc9993c6/resourceGroups/kavish-udacity/providers/Microsoft.Network/loadBalancers/TestLoadBalancer/loadBalancingRules/HTTP"
            ],
            "loadbalancer_id": "/subscriptions/7de72e36-dc87-4e3f-aa67-6dacbc9993c6/resourceGroups/kavish-udacity/providers/Microsoft.Network/loadBalancers/TestLoadBalancer",
            "name": "kavish-http-server-probe",
            "number_of_probes": 2,
            "port": 80,
            "probe_threshold": 1,
            "protocol": "Tcp",
            "request_path": "",
            "timeouts": null
          },
          "sensitive_attributes": [],
          "private": "eyJlMmJmYjczMC1lY2FhLTExZTYtOGY4OC0zNDM2M2JjN2M0YzAiOnsiY3JlYXRlIjoxODAwMDAwMDAwMDAwLCJkZWxldGUiOjE4MDAwMDAwMDAwMDAsInJlYWQiOjMwMDAwMDAwMDAwMCwidXBkYXRlIjoxODAwMDAwMDAwMDAwfX0=",
          "dependencies": [
            "azurerm_lb.example",
            "azurerm_public_ip.example",
            "azurerm_resource_group.main"
          ]
        }
      ]
    },
    {
      "mode": "managed",
      "type": "azurerm_lb_rule",
      "name": "main",
      "provider": "provider[\"registry.terraform.io/hashicorp/azurerm\"]",
      "instances": [
        {
          "schema_version": 0,
          "attributes": {
            "backend_address_pool_ids": [
              "/subscriptions/7de72e36-dc87-4e3f-aa67-6dacbc9993c6/resourceGroups/kavish-udacity/providers/Microsoft.Network/loadBalancers/TestLoadBalancer/backendAddressPools/BackEndAddressPool"
            ],
            "backend_port": 80,
            "disable_outbound_snat": false,
            "enable_floating_ip": false,
            "enable_tcp_reset": false,
            "frontend_ip_configuration_id": "/subscriptions/7de72e36-dc87-4e3f-aa67-6dacbc9993c6/resourceGroups/kavish-udacity/providers/Microsoft.Network/loadBalancers/TestLoadBalancer/frontendIPConfigurations/PublicIPAddress",
            "frontend_ip_configuration_name": "PublicIPAddress",
            "frontend_port": 80,
            "id": "/subscriptions/7de72e36-dc87-4e3f-aa67-6dacbc9993c6/resourceGroups/kavish-udacity/providers/Microsoft.Network/loadBalancers/TestLoadBalancer/loadBalancingRules/HTTP",
            "idle_timeout_in_minutes": 4,
            "load_distribution": "Default",
            "loadbalancer_id": "/subscriptions/7de72e36-dc87-4e3f-aa67-6dacbc9993c6/resourceGroups/kavish-udacity/providers/Microsoft.Network/loadBalancers/TestLoadBalancer",
            "name": "HTTP",
            "probe_id": "/subscriptions/7de72e36-dc87-4e3f-aa67-6dacbc9993c6/resourceGroups/kavish-udacity/providers/Microsoft.Network/loadBalancers/TestLoadBalancer/probes/kavish-http-server-probe",
            "protocol": "Tcp",
            "timeouts": null
          },
          "sensitive_attributes": [],
          "private": "eyJlMmJmYjczMC1lY2FhLTExZTYtOGY4OC0zNDM2M2JjN2M0YzAiOnsiY3JlYXRlIjoxODAwMDAwMDAwMDAwLCJkZWxldGUiOjE4MDAwMDAwMDAwMDAsInJlYWQiOjMwMDAwMDAwMDAwMCwidXBkYXRlIjoxODAwMDAwMDAwMDAwfX0=",
          "dependencies": [
            "azurerm_lb.example",
            "azurerm_lb_backend_address_pool.example",
            "azurerm_lb_probe.main",
            "azurerm_public_ip.example",
            "azurerm_resource_group.main"
          ]
        }
      ]
    },
    {
      "mode": "managed",
      "type": "azurerm_public_ip",
      "name": "example",
      "provider": "provider[\"registry.terraform.io/hashicorp/azurerm\"]",
      "instances": [
        {
          "schema_version": 0,
          "attributes": {
            "allocation_method": "Static",
            "ddos_protection_mode": "VirtualNetworkInherited",
            "ddos_protection_plan_id": null,
            "domain_name_label": null,
            "edge_zone": "",
            "fqdn": null,
            "id": "/subscriptions/7de72e36-dc87-4e3f-aa67-6dacbc9993c6/resourceGroups/kavish-udacity/providers/Microsoft.Network/publicIPAddresses/LBPublicIp",
            "idle_timeout_in_minutes": 4,
            "ip_address": "20.97.15.105",
            "ip_tags": {},
            "ip_version": "IPv4",
            "location": "southcentralus",
            "name": "LBPublicIp",
            "public_ip_prefix_id": null,
            "resource_group_name": "kavish-udacity",
            "reverse_fqdn": null,
            "sku": "Basic",
            "sku_tier": "Regional",
            "tags": {
              "environment": "kavish-udacity"
            },
            "timeouts": null,
            "zones": []
          },
          "sensitive_attributes": [],
          "private": "eyJlMmJmYjczMC1lY2FhLTExZTYtOGY4OC0zNDM2M2JjN2M0YzAiOnsiY3JlYXRlIjoxODAwMDAwMDAwMDAwLCJkZWxldGUiOjE4MDAwMDAwMDAwMDAsInJlYWQiOjMwMDAwMDAwMDAwMCwidXBkYXRlIjoxODAwMDAwMDAwMDAwfX0=",
          "dependencies": [
            "azurerm_resource_group.main"
          ]
        }
      ]
    },
    {
      "mode": "managed",
      "type": "azurerm_resource_group",
      "name": "main",
      "provider": "provider[\"registry.terraform.io/hashicorp/azurerm\"]",
      "instances": [
        {
          "schema_version": 0,
          "attributes": {
            "id": "/subscriptions/7de72e36-dc87-4e3f-aa67-6dacbc9993c6/resourceGroups/kavish-udacity",
            "location": "southcentralus",
            "name": "kavish-udacity",
            "tags": {
              "environment": "kavish-udacity"
            },
            "timeouts": null
          },
          "sensitive_attributes": [],
          "private": "eyJlMmJmYjczMC1lY2FhLTExZTYtOGY4OC0zNDM2M2JjN2M0YzAiOnsiY3JlYXRlIjo1NDAwMDAwMDAwMDAwLCJkZWxldGUiOjU0MDAwMDAwMDAwMDAsInJlYWQiOjMwMDAwMDAwMDAwMCwidXBkYXRlIjo1NDAwMDAwMDAwMDAwfX0="
        }
      ]
    }
  ],
  "check_results": null
}
